
Microsoft Visual Studio Solution File, Format Version 12.00
# Visual Studio Version 16
VisualStudioVersion = 16.0.30517.126
MinimumVisualStudioVersion = 10.0.40219.1
Project("{9A19103F-16F7-4668-BE54-9A1E7A4F7556}") = "DotNetCoreVue.MVC", "DotNetCoreVue.MVC\DotNetCoreVue.MVC.csproj", "{38A0236A-3AE3-4304-B323-ADFC32CDAF8E}"
EndProject
Project("{9092AA53-FB77-4645-B42D-1CCCA6BD08BD}") = "DotNetCoreVue.UI", "DotNetCoreVue.UI\DotNetCoreVue.UI.njsproj", "{5A0058D6-AE5A-4177-89E9-1B97A3CE8B50}"
EndProject
Global
	GlobalSection(SolutionConfigurationPlatforms) = preSolution
		Debug|Any CPU = Debug|Any CPU
		Release|Any CPU = Release|Any CPU
	EndGlobalSection
	GlobalSection(ProjectConfigurationPlatforms) = postSolution
		{38A0236A-3AE3-4304-B323-ADFC32CDAF8E}.Debug|Any CPU.ActiveCfg = Debug|Any CPU
		{38A0236A-3AE3-4304-B323-ADFC32CDAF8E}.Debug|Any CPU.Build.0 = Debug|Any CPU
		{38A0236A-3AE3-4304-B323-ADFC32CDAF8E}.Release|Any CPU.ActiveCfg = Release|Any CPU
		{38A0236A-3AE3-4304-B323-ADFC32CDAF8E}.Release|Any CPU.Build.0 = Release|Any CPU
		{5A0058D6-AE5A-4177-89E9-1B97A3CE8B50}.Debug|Any CPU.ActiveCfg = Debug|Any CPU
		{5A0058D6-AE5A-4177-89E9-1B97A3CE8B50}.Debug|Any CPU.Build.0 = Debug|Any CPU
		{5A0058D6-AE5A-4177-89E9-1B97A3CE8B50}.Release|Any CPU.ActiveCfg = Release|Any CPU
		{5A0058D6-AE5A-4177-89E9-1B97A3CE8B50}.Release|Any CPU.Build.0 = Release|Any CPU
	EndGlobalSection
	GlobalSection(SolutionProperties) = preSolution
		HideSolutionNode = FALSE
	EndGlobalSection
	GlobalSection(ExtensibilityGlobals) = postSolution
		SolutionGuid = {3AF922BB-23D0-49DA-89D1-6B27BA90BBCF}
	EndGlobalSection
EndGlobal
